
Microsoft Visual Studio Solution File, Format Version 12.00
# Visual Studio Version 17
VisualStudioVersion = 17.7.34024.191
MinimumVisualStudioVersion = 10.0.40219.1
Project("{888888A0-9F3D-457C-B088-3A5042F75D52}") = "ImpedanceMatching", "ImpedanceMatching.pyproj", "{F86C5E8E-0784-41C3-B721-E27A3F34AE76}"
EndProject
Global
	GlobalSection(SolutionConfigurationPlatforms) = preSolution
		Debug|Any CPU = Debug|Any CPU
		Release|Any CPU = Release|Any CPU
	EndGlobalSection
	GlobalSection(ProjectConfigurationPlatforms) = postSolution
		{F86C5E8E-0784-41C3-B721-E27A3F34AE76}.Debug|Any CPU.ActiveCfg = Debug|Any CPU
		{F86C5E8E-0784-41C3-B721-E27A3F34AE76}.Release|Any CPU.ActiveCfg = Release|Any CPU
	EndGlobalSection
	GlobalSection(SolutionProperties) = preSolution
		HideSolutionNode = FALSE
	EndGlobalSection
	GlobalSection(ExtensibilityGlobals) = postSolution
		SolutionGuid = {E125923B-5F29-4020-82E5-D83E3153A55A}
	EndGlobalSection
EndGlobal
